Microsoft Visual Studio Solution File, Format Version 12.00
# Visual Studio Version 17
VisualStudioVersion = 17.0.31903.59
MinimumVisualStudioVersion = 10.0.40219.1
Project("{FAE04EC0-301F-11D3-BF4B-00C04F79EFBC}") = "MatchaLab.Core", "src\MatchaLab.Core\MatchaLab.Core.csproj", "{CA344CC8-BDBD-424A-937C-E72A22F4577F}"
EndProject
Project("{FAE04EC0-301F-11D3-BF4B-00C04F79EFBC}") = "MatchaLab.App", "src\MatchaLab.App\MatchaLab.App.csproj", "{2B980143-E739-4263-8A7D-EA66432AEC89}"
EndProject
Global
	GlobalSection(SolutionConfigurationPlatforms) = preSolution
		Debug|Any CPU = Debug|Any CPU
		Release|Any CPU = Release|Any CPU
	EndGlobalSection
	GlobalSection(ProjectConfigurationPlatforms) = postSolution
		{CA344CC8-BDBD-424A-937C-E72A22F4577F}.Debug|Any CPU.ActiveCfg = Debug|Any CPU
		{CA344CC8-BDBD-424A-937C-E72A22F4577F}.Debug|Any CPU.Build.0 = Debug|Any CPU
		{CA344CC8-BDBD-424A-937C-E72A22F4577F}.Release|Any CPU.ActiveCfg = Release|Any CPU
		{CA344CC8-BDBD-424A-937C-E72A22F4577F}.Release|Any CPU.Build.0 = Release|Any CPU
		{2B980143-E739-4263-8A7D-EA66432AEC89}.Debug|Any CPU.ActiveCfg = Debug|Any CPU
		{2B980143-E739-4263-8A7D-EA66432AEC89}.Debug|Any CPU.Build.0 = Debug|Any CPU
		{2B980143-E739-4263-8A7D-EA66432AEC89}.Release|Any CPU.ActiveCfg = Release|Any CPU
		{2B980143-E739-4263-8A7D-EA66432AEC89}.Release|Any CPU.Build.0 = Release|Any CPU
	EndGlobalSection
	GlobalSection(SolutionProperties) = preSolution
		HideSolutionNode = FALSE
	EndGlobalSection
	GlobalSection(ExtensibilityGlobals) = postSolution
		SolutionGuid = {6A0FF513-EDFF-4C93-9EB4-703D9987394C}
	EndGlobalSection
EndGlobal
